
Microsoft Visual Studio Solution File, Format Version 12.00
# Visual Studio Version 16
VisualStudioVersion = 16.0.30204.135
MinimumVisualStudioVersion = 10.0.40219.1
Project("{FAE04EC0-301F-11D3-BF4B-00C04F79EFBC}") = "FunctionApp1", "FunctionApp1\FunctionApp1.csproj", "{EEC1EDEC-9C88-4516-96F3-28DE3859A256}"
EndProject
Global
	GlobalSection(SolutionConfigurationPlatforms) = preSolution
		Debug|Any CPU = Debug|Any CPU
		Release|Any CPU = Release|Any CPU
	EndGlobalSection
	GlobalSection(ProjectConfigurationPlatforms) = postSolution
		{EEC1EDEC-9C88-4516-96F3-28DE3859A256}.Debug|Any CPU.ActiveCfg = Debug|Any CPU
		{EEC1EDEC-9C88-4516-96F3-28DE3859A256}.Debug|Any CPU.Build.0 = Debug|Any CPU
		{EEC1EDEC-9C88-4516-96F3-28DE3859A256}.Release|Any CPU.ActiveCfg = Release|Any CPU
		{EEC1EDEC-9C88-4516-96F3-28DE3859A256}.Release|Any CPU.Build.0 = Release|Any CPU
	EndGlobalSection
	GlobalSection(SolutionProperties) = preSolution
		HideSolutionNode = FALSE
	EndGlobalSection
	GlobalSection(ExtensibilityGlobals) = postSolution
		SolutionGuid = {1685947D-7970-4020-A4BD-FEEFE2C91D28}
	EndGlobalSection
EndGlobal
